
Microsoft Visual Studio Solution File, Format Version 12.00
# Visual Studio Version 16
VisualStudioVersion = 16.0.31911.196
MinimumVisualStudioVersion = 10.0.40219.1
Project("{FAE04EC0-301F-11D3-BF4B-00C04F79EFBC}") = "Interview.Data", "Interview.Data\Interview.Data.csproj", "{0F719EAE-D740-4EE5-BE50-D5D3856A730E}"
EndProject
Project("{FAE04EC0-301F-11D3-BF4B-00C04F79EFBC}") = "Interview.UI", "Interview.UI\Interview.UI.csproj", "{2347F44C-5D8C-4179-9C83-FB77AA2F8415}"
EndProject
Project("{FAE04EC0-301F-11D3-BF4B-00C04F79EFBC}") = "InterviewService", "InterviewService\InterviewService.csproj", "{3E68C60A-004A-48F9-A8F3-D7C11C833231}"
EndProject
Global
	GlobalSection(SolutionConfigurationPlatforms) = preSolution
		Debug|Any CPU = Debug|Any CPU
		Release|Any CPU = Release|Any CPU
	EndGlobalSection
	GlobalSection(ProjectConfigurationPlatforms) = postSolution
		{0F719EAE-D740-4EE5-BE50-D5D3856A730E}.Debug|Any CPU.ActiveCfg = Debug|Any CPU
		{0F719EAE-D740-4EE5-BE50-D5D3856A730E}.Debug|Any CPU.Build.0 = Debug|Any CPU
		{0F719EAE-D740-4EE5-BE50-D5D3856A730E}.Release|Any CPU.ActiveCfg = Release|Any CPU
		{0F719EAE-D740-4EE5-BE50-D5D3856A730E}.Release|Any CPU.Build.0 = Release|Any CPU
		{2347F44C-5D8C-4179-9C83-FB77AA2F8415}.Debug|Any CPU.ActiveCfg = Debug|Any CPU
		{2347F44C-5D8C-4179-9C83-FB77AA2F8415}.Debug|Any CPU.Build.0 = Debug|Any CPU
		{2347F44C-5D8C-4179-9C83-FB77AA2F8415}.Release|Any CPU.ActiveCfg = Release|Any CPU
		{2347F44C-5D8C-4179-9C83-FB77AA2F8415}.Release|Any CPU.Build.0 = Release|Any CPU
		{3E68C60A-004A-48F9-A8F3-D7C11C833231}.Debug|Any CPU.ActiveCfg = Debug|Any CPU
		{3E68C60A-004A-48F9-A8F3-D7C11C833231}.Debug|Any CPU.Build.0 = Debug|Any CPU
		{3E68C60A-004A-48F9-A8F3-D7C11C833231}.Release|Any CPU.ActiveCfg = Release|Any CPU
		{3E68C60A-004A-48F9-A8F3-D7C11C833231}.Release|Any CPU.Build.0 = Release|Any CPU
	EndGlobalSection
	GlobalSection(SolutionProperties) = preSolution
		HideSolutionNode = FALSE
	EndGlobalSection
	GlobalSection(ExtensibilityGlobals) = postSolution
		SolutionGuid = {65DA33C6-2513-474D-ADBA-09CE567EF50D}
	EndGlobalSection
EndGlobal
